# This file was autogenerated by uv via the following command:
#    uv --no-config pip compile --python-version 3.12 --python-platform aarch64-apple-darwin --generate-hashes packages/mere-archive-tools/pyproject.toml -o bundles/archive-tools/requirements.lock
firecrawl-anydoc==0.2.4 \
    --hash=sha256:0e5aed01bf6d4e5c588d3363888293f2ceeb9feb00449a32e0ba993797cf0bd3 \
    --hash=sha256:17720ba093820654162891d7995fd2dbae948b16fe1c174ba799bddfc0b92ad6 \
    --hash=sha256:3e29460272fea81cde08fd5af11f6b0f1ff05919214ddc939867f72362c83032 \
    --hash=sha256:7c9ffc81946e6954c124560ed1d395e0103a1a08fdc0f6be382e2f35daf6dbc9 \
    --hash=sha256:b2a01eecaa0b99f99ff6749a098f8c7a5250d41db9c53673eb93536ad575bfed \
    --hash=sha256:dd162b5eb64478fcf02f53abe7765e26f4350ba657f36c25f055c4cc3dbade0a \
    --hash=sha256:e3745a8b108d6575beafd37bcefe52e3f6c7ab44138e05cbdf4c6adf63caba84 \
    --hash=sha256:e57c79093c1592929dd8dfaf6c60b49eefe631721d96fb833c3f465472b37b9f
    # via mere-archive-tools (packages/mere-archive-tools/pyproject.toml)
